
Microsoft Visual Studio Solution File, Format Version 12.00
# Visual Studio Version 16
VisualStudioVersion = 16.0.32630.194
MinimumVisualStudioVersion = 10.0.40219.1
Project("{FAE04EC0-301F-11D3-BF4B-00C04F79EFBC}") = "DataAccess", "DataAccess\DataAccess.csproj", "{19298D0F-36C2-45E2-BF6A-F006674F027A}"
EndProject
Project("{FAE04EC0-301F-11D3-BF4B-00C04F79EFBC}") = "Business", "Business\Business.csproj", "{1EAA2B4A-A25F-4B53-875C-315862149E73}"
EndProject
Project("{FAE04EC0-301F-11D3-BF4B-00C04F79EFBC}") = "Entities", "Entities\Entities.csproj", "{321D4C94-2D1E-4032-81F2-0E3149BE55D5}"
EndProject
Project("{FAE04EC0-301F-11D3-BF4B-00C04F79EFBC}") = "ConsoleUI", "ConsoleUI\ConsoleUI.csproj", "{DBF76578-36D9-41F4-8CD4-6182AF266432}"
EndProject
Global
	GlobalSection(SolutionConfigurationPlatforms) = preSolution
		Debug|Any CPU = Debug|Any CPU
		Release|Any CPU = Release|Any CPU
	EndGlobalSection
	GlobalSection(ProjectConfigurationPlatforms) = postSolution
		{19298D0F-36C2-45E2-BF6A-F006674F027A}.Debug|Any CPU.ActiveCfg = Debug|Any CPU
		{19298D0F-36C2-45E2-BF6A-F006674F027A}.Debug|Any CPU.Build.0 = Debug|Any CPU
		{19298D0F-36C2-45E2-BF6A-F006674F027A}.Release|Any CPU.ActiveCfg = Release|Any CPU
		{19298D0F-36C2-45E2-BF6A-F006674F027A}.Release|Any CPU.Build.0 = Release|Any CPU
		{1EAA2B4A-A25F-4B53-875C-315862149E73}.Debug|Any CPU.ActiveCfg = Debug|Any CPU
		{1EAA2B4A-A25F-4B53-875C-315862149E73}.Debug|Any CPU.Build.0 = Debug|Any CPU
		{1EAA2B4A-A25F-4B53-875C-315862149E73}.Release|Any CPU.ActiveCfg = Release|Any CPU
		{1EAA2B4A-A25F-4B53-875C-315862149E73}.Release|Any CPU.Build.0 = Release|Any CPU
		{321D4C94-2D1E-4032-81F2-0E3149BE55D5}.Debug|Any CPU.ActiveCfg = Debug|Any CPU
		{321D4C94-2D1E-4032-81F2-0E3149BE55D5}.Debug|Any CPU.Build.0 = Debug|Any CPU
		{321D4C94-2D1E-4032-81F2-0E3149BE55D5}.Release|Any CPU.ActiveCfg = Release|Any CPU
		{321D4C94-2D1E-4032-81F2-0E3149BE55D5}.Release|Any CPU.Build.0 = Release|Any CPU
		{DBF76578-36D9-41F4-8CD4-6182AF266432}.Debug|Any CPU.ActiveCfg = Debug|Any CPU
		{DBF76578-36D9-41F4-8CD4-6182AF266432}.Debug|Any CPU.Build.0 = Debug|Any CPU
		{DBF76578-36D9-41F4-8CD4-6182AF266432}.Release|Any CPU.ActiveCfg = Release|Any CPU
		{DBF76578-36D9-41F4-8CD4-6182AF266432}.Release|Any CPU.Build.0 = Release|Any CPU
	EndGlobalSection
	GlobalSection(SolutionProperties) = preSolution
		HideSolutionNode = FALSE
	EndGlobalSection
	GlobalSection(ExtensibilityGlobals) = postSolution
		SolutionGuid = {6B4D543C-9C52-43BE-9B5A-F35D35B967A9}
	EndGlobalSection
EndGlobal
